
Microsoft Visual Studio Solution File, Format Version 12.00
# Visual Studio Version 17
VisualStudioVersion = 17.5.33530.505
MinimumVisualStudioVersion = 10.0.40219.1
Project("{2150E333-8FDC-42A3-9474-1A3956D46DE8}") = "src", "src", "{6BA6D9B4-2A5F-43AF-A98A-B1D5F71CD44F}"
EndProject
Project("{2150E333-8FDC-42A3-9474-1A3956D46DE8}") = "0 - Building Blocks", "0 - Building Blocks", "{610664A9-CDD0-40CE-AC38-3D1A4EBA3067}"
EndProject
Project("{2150E333-8FDC-42A3-9474-1A3956D46DE8}") = "1 - Presentation", "1 - Presentation", "{4F365348-32E0-4521-AFE3-77A8DAB74A8D}"
EndProject
Project("{2150E333-8FDC-42A3-9474-1A3956D46DE8}") = "2 - Services", "2 - Services", "{4B979C4B-0B69-43C6-883A-E19249B7F676}"
EndProject
Project("{2150E333-8FDC-42A3-9474-1A3956D46DE8}") = "3 - Application", "3 - Application", "{D03AE144-4952-48DA-AB43-1D9C0EB6E2E3}"
EndProject
Project("{2150E333-8FDC-42A3-9474-1A3956D46DE8}") = "4 - Domain", "4 - Domain", "{4180B8B7-7602-41B0-B306-8756B7CD9B94}"
EndProject
Project("{2150E333-8FDC-42A3-9474-1A3956D46DE8}") = "5 - Infra", "5 - Infra", "{7AF18DB5-CB2A-4AC7-8E91-C8E352515291}"
EndProject
Project("{2150E333-8FDC-42A3-9474-1A3956D46DE8}") = "6 - Test", "6 - Test", "{5A18164C-942A-40C7-8909-3360524C44E1}"
EndProject
Project("{9A19103F-16F7-4668-BE54-9A1E7A4F7556}") = "DevGames.Core", "src\DevGames.Core\DevGames.Core.csproj", "{041A01EA-0A66-4FED-9297-6771D4B4FBC3}"
EndProject
Project("{9A19103F-16F7-4668-BE54-9A1E7A4F7556}") = "DevGames.Domain.Shared", "src\DevGames.Domain.Shared\DevGames.Domain.Shared.csproj", "{E129252C-143D-4EBB-BC90-6DF08EABFDA7}"
EndProject
Project("{9A19103F-16F7-4668-BE54-9A1E7A4F7556}") = "DevGames.Domain", "src\DevGames.Domain\DevGames.Domain.csproj", "{E1B0E475-30BB-4EB6-9058-018064280DC4}"
EndProject
Project("{9A19103F-16F7-4668-BE54-9A1E7A4F7556}") = "DevGames.Infra.Data", "src\DevGames.Infra.Data\DevGames.Infra.Data.csproj", "{14628233-78E8-44B6-84D7-56D6B0953836}"
EndProject
Project("{9A19103F-16F7-4668-BE54-9A1E7A4F7556}") = "DevGames.Infra.CrossCutting.IoC", "src\DevGames.Infra.CrossCutting.IoC\DevGames.Infra.CrossCutting.IoC.csproj", "{4F4058C0-C07C-4D73-A214-6CB87B8F6BAA}"
EndProject
Project("{9A19103F-16F7-4668-BE54-9A1E7A4F7556}") = "DevGames.Application", "src\DevGames.Application\DevGames.Application.csproj", "{78E564CF-160B-4B2F-838F-1B1DEFE82FA1}"
EndProject
Project("{FAE04EC0-301F-11D3-BF4B-00C04F79EFBC}") = "DevGames.API", "src\DevGames.API\DevGames.API.csproj", "{EC4FE90D-DBE2-4DC1-BE4F-D78DEDDCA367}"
EndProject
Global
	GlobalSection(SolutionConfigurationPlatforms) = preSolution
		Debug|Any CPU = Debug|Any CPU
		Release|Any CPU = Release|Any CPU
	EndGlobalSection
	GlobalSection(ProjectConfigurationPlatforms) = postSolution
		{041A01EA-0A66-4FED-9297-6771D4B4FBC3}.Debug|Any CPU.ActiveCfg = Debug|Any CPU
		{041A01EA-0A66-4FED-9297-6771D4B4FBC3}.Debug|Any CPU.Build.0 = Debug|Any CPU
		{041A01EA-0A66-4FED-9297-6771D4B4FBC3}.Release|Any CPU.ActiveCfg = Release|Any CPU
		{041A01EA-0A66-4FED-9297-6771D4B4FBC3}.Release|Any CPU.Build.0 = Release|Any CPU
		{E129252C-143D-4EBB-BC90-6DF08EABFDA7}.Debug|Any CPU.ActiveCfg = Debug|Any CPU
		{E129252C-143D-4EBB-BC90-6DF08EABFDA7}.Debug|Any CPU.Build.0 = Debug|Any CPU
		{E129252C-143D-4EBB-BC90-6DF08EABFDA7}.Release|Any CPU.ActiveCfg = Release|Any CPU
		{E129252C-143D-4EBB-BC90-6DF08EABFDA7}.Release|Any CPU.Build.0 = Release|Any CPU
		{E1B0E475-30BB-4EB6-9058-018064280DC4}.Debug|Any CPU.ActiveCfg = Debug|Any CPU
		{E1B0E475-30BB-4EB6-9058-018064280DC4}.Debug|Any CPU.Build.0 = Debug|Any CPU
		{E1B0E475-30BB-4EB6-9058-018064280DC4}.Release|Any CPU.ActiveCfg = Release|Any CPU
		{E1B0E475-30BB-4EB6-9058-018064280DC4}.Release|Any CPU.Build.0 = Release|Any CPU
		{14628233-78E8-44B6-84D7-56D6B0953836}.Debug|Any CPU.ActiveCfg = Debug|Any CPU
		{14628233-78E8-44B6-84D7-56D6B0953836}.Debug|Any CPU.Build.0 = Debug|Any CPU
		{14628233-78E8-44B6-84D7-56D6B0953836}.Release|Any CPU.ActiveCfg = Release|Any CPU
		{14628233-78E8-44B6-84D7-56D6B0953836}.Release|Any CPU.Build.0 = Release|Any CPU
		{4F4058C0-C07C-4D73-A214-6CB87B8F6BAA}.Debug|Any CPU.ActiveCfg = Debug|Any CPU
		{4F4058C0-C07C-4D73-A214-6CB87B8F6BAA}.Debug|Any CPU.Build.0 = Debug|Any CPU
		{4F4058C0-C07C-4D73-A214-6CB87B8F6BAA}.Release|Any CPU.ActiveCfg = Release|Any CPU
		{4F4058C0-C07C-4D73-A214-6CB87B8F6BAA}.Release|Any CPU.Build.0 = Release|Any CPU
		{78E564CF-160B-4B2F-838F-1B1DEFE82FA1}.Debug|Any CPU.ActiveCfg = Debug|Any CPU
		{78E564CF-160B-4B2F-838F-1B1DEFE82FA1}.Debug|Any CPU.Build.0 = Debug|Any CPU
		{78E564CF-160B-4B2F-838F-1B1DEFE82FA1}.Release|Any CPU.ActiveCfg = Release|Any CPU
		{78E564CF-160B-4B2F-838F-1B1DEFE82FA1}.Release|Any CPU.Build.0 = Release|Any CPU
		{EC4FE90D-DBE2-4DC1-BE4F-D78DEDDCA367}.Debug|Any CPU.ActiveCfg = Debug|Any CPU
		{EC4FE90D-DBE2-4DC1-BE4F-D78DEDDCA367}.Debug|Any CPU.Build.0 = Debug|Any CPU
		{EC4FE90D-DBE2-4DC1-BE4F-D78DEDDCA367}.Release|Any CPU.ActiveCfg = Release|Any CPU
		{EC4FE90D-DBE2-4DC1-BE4F-D78DEDDCA367}.Release|Any CPU.Build.0 = Release|Any CPU
	EndGlobalSection
	GlobalSection(SolutionProperties) = preSolution
		HideSolutionNode = FALSE
	EndGlobalSection
	GlobalSection(NestedProjects) = preSolution
		{610664A9-CDD0-40CE-AC38-3D1A4EBA3067} = {6BA6D9B4-2A5F-43AF-A98A-B1D5F71CD44F}
		{4F365348-32E0-4521-AFE3-77A8DAB74A8D} = {6BA6D9B4-2A5F-43AF-A98A-B1D5F71CD44F}
		{4B979C4B-0B69-43C6-883A-E19249B7F676} = {6BA6D9B4-2A5F-43AF-A98A-B1D5F71CD44F}
		{D03AE144-4952-48DA-AB43-1D9C0EB6E2E3} = {6BA6D9B4-2A5F-43AF-A98A-B1D5F71CD44F}
		{4180B8B7-7602-41B0-B306-8756B7CD9B94} = {6BA6D9B4-2A5F-43AF-A98A-B1D5F71CD44F}
		{7AF18DB5-CB2A-4AC7-8E91-C8E352515291} = {6BA6D9B4-2A5F-43AF-A98A-B1D5F71CD44F}
		{5A18164C-942A-40C7-8909-3360524C44E1} = {6BA6D9B4-2A5F-43AF-A98A-B1D5F71CD44F}
		{041A01EA-0A66-4FED-9297-6771D4B4FBC3} = {610664A9-CDD0-40CE-AC38-3D1A4EBA3067}
		{E129252C-143D-4EBB-BC90-6DF08EABFDA7} = {4180B8B7-7602-41B0-B306-8756B7CD9B94}
		{E1B0E475-30BB-4EB6-9058-018064280DC4} = {4180B8B7-7602-41B0-B306-8756B7CD9B94}
		{14628233-78E8-44B6-84D7-56D6B0953836} = {7AF18DB5-CB2A-4AC7-8E91-C8E352515291}
		{4F4058C0-C07C-4D73-A214-6CB87B8F6BAA} = {7AF18DB5-CB2A-4AC7-8E91-C8E352515291}
		{78E564CF-160B-4B2F-838F-1B1DEFE82FA1} = {D03AE144-4952-48DA-AB43-1D9C0EB6E2E3}
		{EC4FE90D-DBE2-4DC1-BE4F-D78DEDDCA367} = {4B979C4B-0B69-43C6-883A-E19249B7F676}
	EndGlobalSection
	GlobalSection(ExtensibilityGlobals) = postSolution
		SolutionGuid = {CEFBFB56-4337-4345-BEA4-F282463BD862}
	EndGlobalSection
EndGlobal
